
Microsoft Visual Studio Solution File, Format Version 12.00
# Visual Studio Version 16
VisualStudioVersion = 16.0.29215.179
MinimumVisualStudioVersion = 10.0.40219.1
Project("{8BC9CEB8-8B4A-11D0-8D11-00A0C91BC942}") = "red-black-tree", "red-black-tree.vcxproj", "{51651FD2-23BE-4C14-A410-D73E4D3AB855}"
EndProject
Global
	GlobalSection(SolutionConfigurationPlatforms) = preSolution
		Debug|x64 = Debug|x64
		Debug|x86 = Debug|x86
		Release|x64 = Release|x64
		Release|x86 = Release|x86
	EndGlobalSection
	GlobalSection(ProjectConfigurationPlatforms) = postSolution
		{51651FD2-23BE-4C14-A410-D73E4D3AB855}.Debug|x64.ActiveCfg = Debug|x64
		{51651FD2-23BE-4C14-A410-D73E4D3AB855}.Debug|x64.Build.0 = Debug|x64
		{51651FD2-23BE-4C14-A410-D73E4D3AB855}.Debug|x86.ActiveCfg = Debug|Win32
		{51651FD2-23BE-4C14-A410-D73E4D3AB855}.Debug|x86.Build.0 = Debug|Win32
		{51651FD2-23BE-4C14-A410-D73E4D3AB855}.Release|x64.ActiveCfg = Release|x64
		{51651FD2-23BE-4C14-A410-D73E4D3AB855}.Release|x64.Build.0 = Release|x64
		{51651FD2-23BE-4C14-A410-D73E4D3AB855}.Release|x86.ActiveCfg = Release|Win32
		{51651FD2-23BE-4C14-A410-D73E4D3AB855}.Release|x86.Build.0 = Release|Win32
	EndGlobalSection
	GlobalSection(SolutionProperties) = preSolution
		HideSolutionNode = FALSE
	EndGlobalSection
	GlobalSection(ExtensibilityGlobals) = postSolution
		SolutionGuid = {B3575D22-5B7A-41B8-B566-0B01727287E4}
	EndGlobalSection
EndGlobal
